
Microsoft Visual Studio Solution File, Format Version 12.00
# Visual Studio Version 17
VisualStudioVersion = 17.6.33712.159
MinimumVisualStudioVersion = 10.0.40219.1
Project("{FAE04EC0-301F-11D3-BF4B-00C04F79EFBC}") = "DarkRP Helper", "DarkRP Helper\DarkRP Helper.csproj", "{6B27021D-DE43-4708-90BF-0F2F38BE6567}"
EndProject
Global
	GlobalSection(SolutionConfigurationPlatforms) = preSolution
		Debug|Any CPU = Debug|Any CPU
		Release|Any CPU = Release|Any CPU
	EndGlobalSection
	GlobalSection(ProjectConfigurationPlatforms) = postSolution
		{6B27021D-DE43-4708-90BF-0F2F38BE6567}.Debug|Any CPU.ActiveCfg = Debug|Any CPU
		{6B27021D-DE43-4708-90BF-0F2F38BE6567}.Debug|Any CPU.Build.0 = Debug|Any CPU
		{6B27021D-DE43-4708-90BF-0F2F38BE6567}.Release|Any CPU.ActiveCfg = Release|Any CPU
		{6B27021D-DE43-4708-90BF-0F2F38BE6567}.Release|Any CPU.Build.0 = Release|Any CPU
	EndGlobalSection
	GlobalSection(SolutionProperties) = preSolution
		HideSolutionNode = FALSE
	EndGlobalSection
	GlobalSection(ExtensibilityGlobals) = postSolution
		SolutionGuid = {0EC987F2-8E94-4C5E-B10F-A4009DCAC2B7}
	EndGlobalSection
EndGlobal
